(setq el-get-lock-package-versions
      '((powerline :checksum "b0793ac11cdd6de17848ac654d61b1255416789e")
        (color-theme-solarized :checksum "890e5a3dd19b8c0d44de7e3a089bc6f1322fbb1e")
        (color-theme :checksum "047d6cb207fdef66b25343479ebe09a1ed3954b5")
        (elscreen-persist :checksum "652b4c738f92c518ead69343ebfcf66bc2a0254c")
        (revive :checksum "2832fdcdc9fca090a62bb10177c723ec690b4c4a")
        (elscreen :checksum "c47da4023b8fb50bf64c3a33bc4b9d8fbaf73381")
        (ace-jump-mode :checksum "8351e2df4fbbeb2a4003f2fb39f46d33803f3dac")
        (expand-region :checksum "59f67115263676de5345581216640019975c4fda")
        (company-mode :checksum "e251568e99de9e684b21cc74306fa1c3678444b5")
        (buffer-move :checksum "dcdbf4e159e9d1d14a0f30451391f7077379b1bb")
        (smooth-scroll :checksum "db1e2a5372c91c973d5d3579898c657fb865f556")
        (projectile :checksum "479c03642ffe50dfd88770ac55587f44c6c3c500")
        (pkg-info :checksum "4dbe328c9eced79e0004e3fdcd7bfb997a928be5")
        (epl :checksum "a5ad061d0a5eb42f66c384e55d102da7d52c96b0")
        (f :checksum "e0259ee060ff9a3f12204adcc8630869080acd68")
        (s :checksum "a56f0d0fedf9754e1728067ac868100f2499357d")
        (dash :checksum "e680ad0fdbc18b65fed9a56d3ba0cb04c10d4878")
        (neotree :checksum "c4f32b489fb1f5f00897a7dbb58a27ee704f5493")
        (flyspell :checksum "0400d6f23984d718c1cd555ccbc5852ee9d92a37")
        (fill-column-indicator :checksum "0e755319451dd9c6c99c2a2ef82c890ba93343b6")
        (web-mode :checksum "e82d71b4bf21da2f00120c4e00dddab9d741f35a")
        (org-mode :checksum "fdd9b18598239dd0e8b18383ac930110d51ed22e")
        (yaml-mode :checksum "c7573962216f79e93642b91e7aa8552f7be46b41")
        (scss-mode :checksum "b010d134f499c4b4ad33fe8a669a81e9a531b0b2")
        (sass-mode :checksum "3da9040680880743fddb55a965ecd150d1039df6")
        (haml-mode :checksum "7717db6fa4a90d618b4a5e3fef2ac1d24ce39be3")
        (markdown-mode :checksum "5969f4938881bb4467343d75b7d2b00c2111ef47")
        (handlebars-mode :checksum "81f6b73fea8f397807781a1b51568397af21a6ef")
        (coffee-mode :checksum "cb1e997c0195a8a51bfa77d6bdec919e68a88904")
        (helm-cmd-t :checksum "8749f0b2b8527423cd146fa2d5c0e7a9e159eefb")
        (helm-ag :checksum "e8af4023bcd49700751c2b6dc3591b5e48016413")
        (helm :checksum "d54fed2611bb488d3170f6fe1645ef041f42e85f")))
(setq el-get-lock-locked-packages 'nil)
(setq el-get-lock-unlocked-packages 'nil)
